// !$*UTF8*$!
{
	archiveVersion = 1;
	classes = {
	};
	objectVersion = 56;
	objects = {

/* Begin PBXBuildFile section */
		9868AF492ABD2BAE000179C6 /* RealityKitContent in Frameworks */ = {isa = PBXBuildFile; productRef = 9868AF482ABD2BAE000179C6 /* RealityKitContent */; };
		9868AF4B2ABD2BAE000179C6 /* Day3App.swift in Sources */ = {isa = PBXBuildFile; fileRef = 9868AF4A2ABD2BAE000179C6 /* Day3App.swift */; };
		9868AF4D2ABD2BAE000179C6 /* ContentView.swift in Sources */ = {isa = PBXBuildFile; fileRef = 9868AF4C2ABD2BAE000179C6 /* ContentView.swift */; };
		9868AF4F2ABD2BAF000179C6 /* Assets.xcassets in Resources */ = {isa = PBXBuildFile; fileRef = 9868AF4E2ABD2BAF000179C6 /* Assets.xcassets */; };
		9868AF522ABD2BAF000179C6 /* Preview Assets.xcassets in Resources */ = {isa = PBXBuildFile; fileRef = 9868AF512ABD2BAF000179C6 /* Preview Assets.xcassets */; };
		9868AF592ABD2C2E000179C6 /* PlayerModel.swift in Sources */ = {isa = PBXBuildFile; fileRef = 9868AF582ABD2C2E000179C6 /* PlayerModel.swift */; };
		9868AF5B2ABDD1B6000179C6 /* Video.swift in Sources */ = {isa = PBXBuildFile; fileRef = 9868AF5A2ABDD1B6000179C6 /* Video.swift */; };
		9868AF5D2ABDDD63000179C6 /* VideoWatchingCoordinator.swift in Sources */ = {isa = PBXBuildFile; fileRef = 9868AF5C2ABDDD63000179C6 /* VideoWatchingCoordinator.swift */; };
		9868AF5F2ABDE351000179C6 /* VideoWatchingActivity.swift in Sources */ = {isa = PBXBuildFile; fileRef = 9868AF5E2ABDE351000179C6 /* VideoWatchingActivity.swift */; };
		9868AF612ABDE48B000179C6 /* PlayerView.swift in Sources */ = {isa = PBXBuildFile; fileRef = 9868AF602ABDE48B000179C6 /* PlayerView.swift */; };
/* End PBXBuildFile section */

/* Begin PBXFileReference section */
		9868AF432ABD2BAE000179C6 /* Day3.app */ = {isa = PBXFileReference; explicitFileType = wrapper.application; includeInIndex = 0; path = Day3.app; sourceTree = BUILT_PRODUCTS_DIR; };
		9868AF472ABD2BAE000179C6 /* RealityKitContent */ = {isa = PBXFileReference; lastKnownFileType = wrapper; path = RealityKitContent; sourceTree = "<group>"; };
		9868AF4A2ABD2BAE000179C6 /* Day3App.swift */ = {isa = PBXFileReference; lastKnownFileType = sourcecode.swift; path = Day3App.swift; sourceTree = "<group>"; };
		9868AF4C2ABD2BAE000179C6 /* ContentView.swift */ = {isa = PBXFileReference; lastKnownFileType = sourcecode.swift; path = ContentView.swift; sourceTree = "<group>"; };
		9868AF4E2ABD2BAF000179C6 /* Assets.xcassets */ = {isa = PBXFileReference; lastKnownFileType = folder.assetcatalog; path = Assets.xcassets; sourceTree = "<group>"; };
		9868AF512ABD2BAF000179C6 /* Preview Assets.xcassets */ = {isa = PBXFileReference; lastKnownFileType = folder.assetcatalog; path = "Preview Assets.xcassets"; sourceTree = "<group>"; };
		9868AF582ABD2C2E000179C6 /* PlayerModel.swift */ = {isa = PBXFileReference; lastKnownFileType = sourcecode.swift; path = PlayerModel.swift; sourceTree = "<group>"; };
		9868AF5A2ABDD1B6000179C6 /* Video.swift */ = {isa = PBXFileReference; lastKnownFileType = sourcecode.swift; path = Video.swift; sourceTree = "<group>"; };
		9868AF5C2ABDDD63000179C6 /* VideoWatchingCoordinator.swift */ = {isa = PBXFileReference; lastKnownFileType = sourcecode.swift; path = VideoWatchingCoordinator.swift; sourceTree = "<group>"; };
		9868AF5E2ABDE351000179C6 /* VideoWatchingActivity.swift */ = {isa = PBXFileReference; lastKnownFileType = sourcecode.swift; path = VideoWatchingActivity.swift; sourceTree = "<group>"; };
		9868AF602ABDE48B000179C6 /* PlayerView.swift */ = {isa = PBXFileReference; lastKnownFileType = sourcecode.swift; path = PlayerView.swift; sourceTree = "<group>"; };
/* End PBXFileReference section */

/* Begin PBXFrameworksBuildPhase section */
		9868AF402ABD2BAE000179C6 /* Frameworks */ = {
			isa = PBXFrameworksBuildPhase;
			buildActionMask = 2147483647;
			files = (
				9868AF492ABD2BAE000179C6 /* RealityKitContent in Frameworks */,
			);
			runOnlyForDeploymentPostprocessing = 0;
		};
/* End PBXFrameworksBuildPhase section */

/* Begin PBXGroup section */
		9868AF3A2ABD2BAE000179C6 = {
			isa = PBXGroup;
			children = (
				9868AF452ABD2BAE000179C6 /* Day3 */,
				9868AF462ABD2BAE000179C6 /* Packages */,
				9868AF442ABD2BAE000179C6 /* Products */,
			);
			sourceTree = "<group>";
		};
		9868AF442ABD2BAE000179C6 /* Products */ = {
			isa = PBXGroup;
			children = (
				9868AF432ABD2BAE000179C6 /* Day3.app */,
			);
			name = Products;
			sourceTree = "<group>";
		};
		9868AF452ABD2BAE000179C6 /* Day3 */ = {
			isa = PBXGroup;
			children = (
				9868AF4A2ABD2BAE000179C6 /* Day3App.swift */,
				9868AF4C2ABD2BAE000179C6 /* ContentView.swift */,
				9868AF582ABD2C2E000179C6 /* PlayerModel.swift */,
				9868AF602ABDE48B000179C6 /* PlayerView.swift */,
				9868AF5A2ABDD1B6000179C6 /* Video.swift */,
				9868AF5C2ABDDD63000179C6 /* VideoWatchingCoordinator.swift */,
				9868AF5E2ABDE351000179C6 /* VideoWatchingActivity.swift */,
				9868AF4E2ABD2BAF000179C6 /* Assets.xcassets */,
				9868AF502ABD2BAF000179C6 /* Preview Content */,
			);
			path = Day3;
			sourceTree = "<group>";
		};
		9868AF462ABD2BAE000179C6 /* Packages */ = {
			isa = PBXGroup;
			children = (
				9868AF472ABD2BAE000179C6 /* RealityKitContent */,
			);
			path = Packages;
			sourceTree = "<group>";
		};
		9868AF502ABD2BAF000179C6 /* Preview Content */ = {
			isa = PBXGroup;
			children = (
				9868AF512ABD2BAF000179C6 /* Preview Assets.xcassets */,
			);
			path = "Preview Content";
			sourceTree = "<group>";
		};
/* End PBXGroup section */

/* Begin PBXNativeTarget section */
		9868AF422ABD2BAE000179C6 /* Day3 */ = {
			isa = PBXNativeTarget;
			buildConfigurationList = 9868AF552ABD2BAF000179C6 /* Build configuration list for PBXNativeTarget "Day3" */;
			buildPhases = (
				9868AF3F2ABD2BAE000179C6 /* Sources */,
				9868AF402ABD2BAE000179C6 /* Frameworks */,
				9868AF412ABD2BAE000179C6 /* Resources */,
			);
			buildRules = (
			);
			dependencies = (
			);
			name = Day3;
			packageProductDependencies = (
				9868AF482ABD2BAE000179C6 /* RealityKitContent */,
			);
			productName = Day3;
			productReference = 9868AF432ABD2BAE000179C6 /* Day3.app */;
			productType = "com.apple.product-type.application";
		};
/* End PBXNativeTarget section */

/* Begin PBXProject section */
		9868AF3B2ABD2BAE000179C6 /* Project object */ = {
			isa = PBXProject;
			attributes = {
				BuildIndependentTargetsInParallel = 1;
				LastSwiftUpdateCheck = 1500;
				LastUpgradeCheck = 1500;
				TargetAttributes = {
					9868AF422ABD2BAE000179C6 = {
						CreatedOnToolsVersion = 15.0;
					};
				};
			};
			buildConfigurationList = 9868AF3E2ABD2BAE000179C6 /* Build configuration list for PBXProject "Day3" */;
			compatibilityVersion = "Xcode 14.0";
			developmentRegion = en;
			hasScannedForEncodings = 0;
			knownRegions = (
				en,
				Base,
			);
			mainGroup = 9868AF3A2ABD2BAE000179C6;
			productRefGroup = 9868AF442ABD2BAE000179C6 /* Products */;
			projectDirPath = "";
			projectRoot = "";
			targets = (
				9868AF422ABD2BAE000179C6 /* Day3 */,
			);
		};
/* End PBXProject section */

/* Begin PBXResourcesBuildPhase section */
		9868AF412ABD2BAE000179C6 /* Resources */ = {
			isa = PBXResourcesBuildPhase;
			buildActionMask = 2147483647;
			files = (
				9868AF522ABD2BAF000179C6 /* Preview Assets.xcassets in Resources */,
				9868AF4F2ABD2BAF000179C6 /* Assets.xcassets in Resources */,
			);
			runOnlyForDeploymentPostprocessing = 0;
		};
/* End PBXResourcesBuildPhase section */

/* Begin PBXSourcesBuildPhase section */
		9868AF3F2ABD2BAE000179C6 /* Sources */ = {
			isa = PBXSourcesBuildPhase;
			buildActionMask = 2147483647;
			files = (
				9868AF592ABD2C2E000179C6 /* PlayerModel.swift in Sources */,
				9868AF5F2ABDE351000179C6 /* VideoWatchingActivity.swift in Sources */,
				9868AF612ABDE48B000179C6 /* PlayerView.swift in Sources */,
				9868AF5D2ABDDD63000179C6 /* VideoWatchingCoordinator.swift in Sources */,
				9868AF5B2ABDD1B6000179C6 /* Video.swift in Sources */,
				9868AF4D2ABD2BAE000179C6 /* ContentView.swift in Sources */,
				9868AF4B2ABD2BAE000179C6 /* Day3App.swift in Sources */,
			);
			runOnlyForDeploymentPostprocessing = 0;
		};
/* End PBXSourcesBuildPhase section */

/* Begin XCBuildConfiguration section */
		9868AF532ABD2BAF000179C6 /* Debug */ = {
			isa = XCBuildConfiguration;
			buildSettings = {
				ALWAYS_SEARCH_USER_PATHS = NO;
				ASSETCATALOG_COMPILER_GENERATE_SWIFT_ASSET_SYMBOL_EXTENSIONS = YES;
				CLANG_ANALYZER_NONNULL = YES;
				CLANG_ANALYZER_NUMBER_OBJECT_CONVERSION = YES_AGGRESSIVE;
				CLANG_CXX_LANGUAGE_STANDARD = "gnu++20";
				CLANG_ENABLE_MODULES = YES;
				CLANG_ENABLE_OBJC_ARC = YES;
				CLANG_ENABLE_OBJC_WEAK = YES;
				CLANG_WARN_BLOCK_CAPTURE_AUTORELEASING = YES;
				CLANG_WARN_BOOL_CONVERSION = YES;
				CLANG_WARN_COMMA = YES;
				CLANG_WARN_CONSTANT_CONVERSION = YES;
				CLANG_WARN_DEPRECATED_OBJC_IMPLEMENTATIONS = YES;
				CLANG_WARN_DIRECT_OBJC_ISA_USAGE = YES_ERROR;
				CLANG_WARN_DOCUMENTATION_COMMENTS = YES;
				CLANG_WARN_EMPTY_BODY = YES;
				CLANG_WARN_ENUM_CONVERSION = YES;
				CLANG_WARN_INFINITE_RECURSION = YES;
				CLANG_WARN_INT_CONVERSION = YES;
				CLANG_WARN_NON_LITERAL_NULL_CONVERSION = YES;
				CLANG_WARN_OBJC_IMPLICIT_RETAIN_SELF = YES;
				CLANG_WARN_OBJC_LITERAL_CONVERSION = YES;
				CLANG_WARN_OBJC_ROOT_CLASS = YES_ERROR;
				CLANG_WARN_QUOTED_INCLUDE_IN_FRAMEWORK_HEADER = YES;
				CLANG_WARN_RANGE_LOOP_ANALYSIS = YES;
				CLANG_WARN_STRICT_PROTOTYPES = YES;
				CLANG_WARN_SUSPICIOUS_MOVE = YES;
				CLANG_WARN_UNGUARDED_AVAILABILITY = YES_AGGRESSIVE;
				CLANG_WARN_UNREACHABLE_CODE = YES;
				CLANG_WARN__DUPLICATE_METHOD_MATCH = YES;
				COPY_PHASE_STRIP = NO;
				DEBUG_INFORMATION_FORMAT = dwarf;
				ENABLE_STRICT_OBJC_MSGSEND = YES;
				ENABLE_TESTABILITY = YES;
				ENABLE_USER_SCRIPT_SANDBOXING = YES;
				GCC_C_LANGUAGE_STANDARD = gnu17;
				GCC_DYNAMIC_NO_PIC = NO;
				GCC_NO_COMMON_BLOCKS = YES;
				GCC_OPTIMIZATION_LEVEL = 0;
				GCC_PREPROCESSOR_DEFINITIONS = (
					"DEBUG=1",
					"$(inherited)",
				);
				GCC_WARN_64_TO_32_BIT_CONVERSION = YES;
				GCC_WARN_ABOUT_RETURN_TYPE = YES_ERROR;
				GCC_WARN_UNDECLARED_SELECTOR = YES;
				GCC_WARN_UNINITIALIZED_AUTOS = YES_AGGRESSIVE;
				GCC_WARN_UNUSED_FUNCTION = YES;
				GCC_WARN_UNUSED_VARIABLE = YES;
				LOCALIZATION_PREFERS_STRING_CATALOGS = YES;
				MTL_ENABLE_DEBUG_INFO = INCLUDE_SOURCE;
				MTL_FAST_MATH = YES;
				ONLY_ACTIVE_ARCH = YES;
				SDKROOT = xros;
				SWIFT_ACTIVE_COMPILATION_CONDITIONS = "DEBUG $(inherited)";
				SWIFT_OPTIMIZATION_LEVEL = "-Onone";
				XROS_DEPLOYMENT_TARGET = 1.0;
			};
			name = Debug;
		};
		9868AF542ABD2BAF000179C6 /* Release */ = {
			isa = XCBuildConfiguration;
			buildSettings = {
				ALWAYS_SEARCH_USER_PATHS = NO;
				ASSETCATALOG_COMPILER_GENERATE_SWIFT_ASSET_SYMBOL_EXTENSIONS = YES;
				CLANG_ANALYZER_NONNULL = YES;
				CLANG_ANALYZER_NUMBER_OBJECT_CONVERSION = YES_AGGRESSIVE;
				CLANG_CXX_LANGUAGE_STANDARD = "gnu++20";
				CLANG_ENABLE_MODULES = YES;
				CLANG_ENABLE_OBJC_ARC = YES;
				CLANG_ENABLE_OBJC_WEAK = YES;
				CLANG_WARN_BLOCK_CAPTURE_AUTORELEASING = YES;
				CLANG_WARN_BOOL_CONVERSION = YES;
				CLANG_WARN_COMMA = YES;
				CLANG_WARN_CONSTANT_CONVERSION = YES;
				CLANG_WARN_DEPRECATED_OBJC_IMPLEMENTATIONS = YES;
				CLANG_WARN_DIRECT_OBJC_ISA_USAGE = YES_ERROR;
				CLANG_WARN_DOCUMENTATION_COMMENTS = YES;
				CLANG_WARN_EMPTY_BODY = YES;
				CLANG_WARN_ENUM_CONVERSION = YES;
				CLANG_WARN_INFINITE_RECURSION = YES;
				CLANG_WARN_INT_CONVERSION = YES;
				CLANG_WARN_NON_LITERAL_NULL_CONVERSION = YES;
				CLANG_WARN_OBJC_IMPLICIT_RETAIN_SELF = YES;
				CLANG_WARN_OBJC_LITERAL_CONVERSION = YES;
				CLANG_WARN_OBJC_ROOT_CLASS = YES_ERROR;
				CLANG_WARN_QUOTED_INCLUDE_IN_FRAMEWORK_HEADER = YES;
				CLANG_WARN_RANGE_LOOP_ANALYSIS = YES;
				CLANG_WARN_STRICT_PROTOTYPES = YES;
				CLANG_WARN_SUSPICIOUS_MOVE = YES;
				CLANG_WARN_UNGUARDED_AVAILABILITY = YES_AGGRESSIVE;
				CLANG_WARN_UNREACHABLE_CODE = YES;
				CLANG_WARN__DUPLICATE_METHOD_MATCH = YES;
				COPY_PHASE_STRIP = NO;
				DEBUG_INFORMATION_FORMAT = "dwarf-with-dsym";
				ENABLE_NS_ASSERTIONS = NO;
				ENABLE_STRICT_OBJC_MSGSEND = YES;
				ENABLE_USER_SCRIPT_SANDBOXING = YES;
				GCC_C_LANGUAGE_STANDARD = gnu17;
				GCC_NO_COMMON_BLOCKS = YES;
				GCC_WARN_64_TO_32_BIT_CONVERSION = YES;
				GCC_WARN_ABOUT_RETURN_TYPE = YES_ERROR;
				GCC_WARN_UNDECLARED_SELECTOR = YES;
				GCC_WARN_UNINITIALIZED_AUTOS = YES_AGGRESSIVE;
				GCC_WARN_UNUSED_FUNCTION = YES;
				GCC_WARN_UNUSED_VARIABLE = YES;
				LOCALIZATION_PREFERS_STRING_CATALOGS = YES;
				MTL_ENABLE_DEBUG_INFO = NO;
				MTL_FAST_MATH = YES;
				SDKROOT = xros;
				SWIFT_COMPILATION_MODE = wholemodule;
				VALIDATE_PRODUCT = YES;
				XROS_DEPLOYMENT_TARGET = 1.0;
			};
			name = Release;
		};
		9868AF562ABD2BAF000179C6 /* Debug */ = {
			isa = XCBuildConfiguration;
			buildSettings = {
				ASSETCATALOG_COMPILER_APPICON_NAME = AppIcon;
				ASSETCATALOG_COMPILER_GLOBAL_ACCENT_COLOR_NAME = AccentColor;
				CODE_SIGN_STYLE = Automatic;
				CURRENT_PROJECT_VERSION = 1;
				DEVELOPMENT_ASSET_PATHS = "\"Day3/Preview Content\"";
				DEVELOPMENT_TEAM = XG9UCHUCSL;
				ENABLE_PREVIEWS = YES;
				GENERATE_INFOPLIST_FILE = YES;
				INFOPLIST_KEY_UIApplicationSceneManifest_Generation = YES;
				LD_RUNPATH_SEARCH_PATHS = (
					"$(inherited)",
					"@executable_path/Frameworks",
				);
				MARKETING_VERSION = 1.0;
				PRODUCT_BUNDLE_IDENTIFIER = com.aeg.qed.Day3;
				PRODUCT_NAME = "$(TARGET_NAME)";
				SUPPORTED_PLATFORMS = "xros xrsimulator";
				SWIFT_EMIT_LOC_STRINGS = YES;
				SWIFT_VERSION = 5.0;
				TARGETED_DEVICE_FAMILY = "1,2,7";
			};
			name = Debug;
		};
		9868AF572ABD2BAF000179C6 /* Release */ = {
			isa = XCBuildConfiguration;
			buildSettings = {
				ASSETCATALOG_COMPILER_APPICON_NAME = AppIcon;
				ASSETCATALOG_COMPILER_GLOBAL_ACCENT_COLOR_NAME = AccentColor;
				CODE_SIGN_STYLE = Automatic;
				CURRENT_PROJECT_VERSION = 1;
				DEVELOPMENT_ASSET_PATHS = "\"Day3/Preview Content\"";
				DEVELOPMENT_TEAM = XG9UCHUCSL;
				ENABLE_PREVIEWS = YES;
				GENERATE_INFOPLIST_FILE = YES;
				INFOPLIST_KEY_UIApplicationSceneManifest_Generation = YES;
				LD_RUNPATH_SEARCH_PATHS = (
					"$(inherited)",
					"@executable_path/Frameworks",
				);
				MARKETING_VERSION = 1.0;
				PRODUCT_BUNDLE_IDENTIFIER = com.aeg.qed.Day3;
				PRODUCT_NAME = "$(TARGET_NAME)";
				SUPPORTED_PLATFORMS = "xros xrsimulator";
				SWIFT_EMIT_LOC_STRINGS = YES;
				SWIFT_VERSION = 5.0;
				TARGETED_DEVICE_FAMILY = "1,2,7";
			};
			name = Release;
		};
/* End XCBuildConfiguration section */

/* Begin XCConfigurationList section */
		9868AF3E2ABD2BAE000179C6 /* Build configuration list for PBXProject "Day3" */ = {
			isa = XCConfigurationList;
			buildConfigurations = (
				9868AF532ABD2BAF000179C6 /* Debug */,
				9868AF542ABD2BAF000179C6 /* Release */,
			);
			defaultConfigurationIsVisible = 0;
			defaultConfigurationName = Release;
		};
		9868AF552ABD2BAF000179C6 /* Build configuration list for PBXNativeTarget "Day3" */ = {
			isa = XCConfigurationList;
			buildConfigurations = (
				9868AF562ABD2BAF000179C6 /* Debug */,
				9868AF572ABD2BAF000179C6 /* Release */,
			);
			defaultConfigurationIsVisible = 0;
			defaultConfigurationName = Release;
		};
/* End XCConfigurationList section */

/* Begin XCSwiftPackageProductDependency section */
		9868AF482ABD2BAE000179C6 /* RealityKitContent */ = {
			isa = XCSwiftPackageProductDependency;
			productName = RealityKitContent;
		};
/* End XCSwiftPackageProductDependency section */
	};
	rootObject = 9868AF3B2ABD2BAE000179C6 /* Project object */;
}
